
Microsoft Visual Studio Solution File, Format Version 12.00
# Visual Studio 2013
VisualStudioVersion = 12.0.21005.1
MinimumVisualStudioVersion = 10.0.40219.1
Project("{FAE04EC0-301F-11D3-BF4B-00C04F79EFBC}") = "ScriptAnalyzerEngine", "Engine\ScriptAnalyzerEngine.csproj", "{F4BDE3D0-3EEF-4157-8A3E-722DF7ADEF60}"
EndProject
Project("{FAE04EC0-301F-11D3-BF4B-00C04F79EFBC}") = "ScriptAnalyzerBuiltinRules", "Rules\ScriptAnalyzerBuiltinRules.csproj", "{C33B6B9D-E61C-45A3-9103-895FD82A5C1E}"
EndProject
Global
	GlobalSection(SolutionConfigurationPlatforms) = preSolution
		Debug|Any CPU = Debug|Any CPU
		PSV3 Debug|Any CPU = PSV3 Debug|Any CPU
		PSV3 Release|Any CPU = PSV3 Release|Any CPU
		Release|Any CPU = Release|Any CPU
	EndGlobalSection
	GlobalSection(ProjectConfigurationPlatforms) = postSolution
		{F4BDE3D0-3EEF-4157-8A3E-722DF7ADEF60}.Debug|Any CPU.ActiveCfg = PSV3 Release|Any CPU
		{F4BDE3D0-3EEF-4157-8A3E-722DF7ADEF60}.Debug|Any CPU.Build.0 = PSV3 Release|Any CPU
		{F4BDE3D0-3EEF-4157-8A3E-722DF7ADEF60}.PSV3 Debug|Any CPU.ActiveCfg = PSV3 Debug|Any CPU
		{F4BDE3D0-3EEF-4157-8A3E-722DF7ADEF60}.PSV3 Debug|Any CPU.Build.0 = PSV3 Debug|Any CPU
		{F4BDE3D0-3EEF-4157-8A3E-722DF7ADEF60}.PSV3 Release|Any CPU.ActiveCfg = PSV3 Release|Any CPU
		{F4BDE3D0-3EEF-4157-8A3E-722DF7ADEF60}.PSV3 Release|Any CPU.Build.0 = PSV3 Release|Any CPU
		{F4BDE3D0-3EEF-4157-8A3E-722DF7ADEF60}.Release|Any CPU.ActiveCfg = Release|Any CPU
		{F4BDE3D0-3EEF-4157-8A3E-722DF7ADEF60}.Release|Any CPU.Build.0 = Release|Any CPU
		{C33B6B9D-E61C-45A3-9103-895FD82A5C1E}.Debug|Any CPU.ActiveCfg = PSV3 Release|Any CPU
		{C33B6B9D-E61C-45A3-9103-895FD82A5C1E}.Debug|Any CPU.Build.0 = PSV3 Release|Any CPU
		{C33B6B9D-E61C-45A3-9103-895FD82A5C1E}.PSV3 Debug|Any CPU.ActiveCfg = Debug|Any CPU
		{C33B6B9D-E61C-45A3-9103-895FD82A5C1E}.PSV3 Debug|Any CPU.Build.0 = Debug|Any CPU
		{C33B6B9D-E61C-45A3-9103-895FD82A5C1E}.PSV3 Release|Any CPU.ActiveCfg = Release|Any CPU
		{C33B6B9D-E61C-45A3-9103-895FD82A5C1E}.PSV3 Release|Any CPU.Build.0 = Release|Any CPU
		{C33B6B9D-E61C-45A3-9103-895FD82A5C1E}.Release|Any CPU.ActiveCfg = Release|Any CPU
		{C33B6B9D-E61C-45A3-9103-895FD82A5C1E}.Release|Any CPU.Build.0 = Release|Any CPU
	EndGlobalSection
	GlobalSection(SolutionProperties) = preSolution
		HideSolutionNode = FALSE
	EndGlobalSection
EndGlobal
