
Microsoft Visual Studio Solution File, Format Version 12.00
# Visual Studio 15
VisualStudioVersion = 15.0.26124.0
MinimumVisualStudioVersion = 15.0.26124.0
Project("{FAE04EC0-301F-11D3-BF4B-00C04F79EFBC}") = "ScriptAnalyzer2", "ScriptAnalyzer2\ScriptAnalyzer2.csproj", "{C46DA142-F6F8-4C83-89ED-40AF9F4262AE}"
EndProject
Project("{2150E333-8FDC-42A3-9474-1A3956D46DE8}") = "Tests", "Tests", "{42FA7E22-CFD2-46D4-9371-E4D5BB5AF2D2}"
EndProject
Project("{FAE04EC0-301F-11D3-BF4B-00C04F79EFBC}") = "ScriptAnalyzer2.Test", "Tests\ScriptAnalyzer2.Test\ScriptAnalyzer2.Test.csproj", "{57802860-8DC7-4360-A368-E3EE02A1C16B}"
EndProject
Global
	GlobalSection(SolutionConfigurationPlatforms) = preSolution
		Debug|Any CPU = Debug|Any CPU
		Debug|x64 = Debug|x64
		Debug|x86 = Debug|x86
		Release|Any CPU = Release|Any CPU
		Release|x64 = Release|x64
		Release|x86 = Release|x86
	EndGlobalSection
	GlobalSection(SolutionProperties) = preSolution
		HideSolutionNode = FALSE
	EndGlobalSection
	GlobalSection(ProjectConfigurationPlatforms) = postSolution
		{C46DA142-F6F8-4C83-89ED-40AF9F4262AE}.Debug|Any CPU.ActiveCfg = Debug|Any CPU
		{C46DA142-F6F8-4C83-89ED-40AF9F4262AE}.Debug|Any CPU.Build.0 = Debug|Any CPU
		{C46DA142-F6F8-4C83-89ED-40AF9F4262AE}.Debug|x64.ActiveCfg = Debug|Any CPU
		{C46DA142-F6F8-4C83-89ED-40AF9F4262AE}.Debug|x64.Build.0 = Debug|Any CPU
		{C46DA142-F6F8-4C83-89ED-40AF9F4262AE}.Debug|x86.ActiveCfg = Debug|Any CPU
		{C46DA142-F6F8-4C83-89ED-40AF9F4262AE}.Debug|x86.Build.0 = Debug|Any CPU
		{C46DA142-F6F8-4C83-89ED-40AF9F4262AE}.Release|Any CPU.ActiveCfg = Release|Any CPU
		{C46DA142-F6F8-4C83-89ED-40AF9F4262AE}.Release|Any CPU.Build.0 = Release|Any CPU
		{C46DA142-F6F8-4C83-89ED-40AF9F4262AE}.Release|x64.ActiveCfg = Release|Any CPU
		{C46DA142-F6F8-4C83-89ED-40AF9F4262AE}.Release|x64.Build.0 = Release|Any CPU
		{C46DA142-F6F8-4C83-89ED-40AF9F4262AE}.Release|x86.ActiveCfg = Release|Any CPU
		{C46DA142-F6F8-4C83-89ED-40AF9F4262AE}.Release|x86.Build.0 = Release|Any CPU
		{57802860-8DC7-4360-A368-E3EE02A1C16B}.Debug|Any CPU.ActiveCfg = Debug|Any CPU
		{57802860-8DC7-4360-A368-E3EE02A1C16B}.Debug|Any CPU.Build.0 = Debug|Any CPU
		{57802860-8DC7-4360-A368-E3EE02A1C16B}.Debug|x64.ActiveCfg = Debug|Any CPU
		{57802860-8DC7-4360-A368-E3EE02A1C16B}.Debug|x64.Build.0 = Debug|Any CPU
		{57802860-8DC7-4360-A368-E3EE02A1C16B}.Debug|x86.ActiveCfg = Debug|Any CPU
		{57802860-8DC7-4360-A368-E3EE02A1C16B}.Debug|x86.Build.0 = Debug|Any CPU
		{57802860-8DC7-4360-A368-E3EE02A1C16B}.Release|Any CPU.ActiveCfg = Release|Any CPU
		{57802860-8DC7-4360-A368-E3EE02A1C16B}.Release|Any CPU.Build.0 = Release|Any CPU
		{57802860-8DC7-4360-A368-E3EE02A1C16B}.Release|x64.ActiveCfg = Release|Any CPU
		{57802860-8DC7-4360-A368-E3EE02A1C16B}.Release|x64.Build.0 = Release|Any CPU
		{57802860-8DC7-4360-A368-E3EE02A1C16B}.Release|x86.ActiveCfg = Release|Any CPU
		{57802860-8DC7-4360-A368-E3EE02A1C16B}.Release|x86.Build.0 = Release|Any CPU
	EndGlobalSection
	GlobalSection(NestedProjects) = preSolution
		{57802860-8DC7-4360-A368-E3EE02A1C16B} = {42FA7E22-CFD2-46D4-9371-E4D5BB5AF2D2}
	EndGlobalSection
EndGlobal
